
Microsoft Visual Studio Solution File, Format Version 12.00
Project("{FAE04EC0-301F-11D3-BF4B-00C04F79EFBC}") = "TourHub.ApiGateway", "TourHub.ApiGateway\TourHub.ApiGateway.csproj", "{3A479F37-B416-4BE0-A153-66D7DB15FA0E}"
EndProject
Global
	GlobalSection(SolutionConfigurationPlatforms) = preSolution
		Debug|Any CPU = Debug|Any CPU
		Release|Any CPU = Release|Any CPU
	EndGlobalSection
	GlobalSection(ProjectConfigurationPlatforms) = postSolution
		{3A479F37-B416-4BE0-A153-66D7DB15FA0E}.Debug|Any CPU.ActiveCfg = Debug|Any CPU
		{3A479F37-B416-4BE0-A153-66D7DB15FA0E}.Debug|Any CPU.Build.0 = Debug|Any CPU
		{3A479F37-B416-4BE0-A153-66D7DB15FA0E}.Release|Any CPU.ActiveCfg = Release|Any CPU
		{3A479F37-B416-4BE0-A153-66D7DB15FA0E}.Release|Any CPU.Build.0 = Release|Any CPU
	EndGlobalSection
EndGlobal
